
Microsoft Visual Studio Solution File, Format Version 12.00
# Visual Studio 15
Project("{FAE04EC0-301F-11D3-BF4B-00C04F79EFBC}") = "Assembly-CSharp", "Assembly-CSharp.csproj", "{7DB90D06-AF1F-F6AF-A34D-C030EAECC80D}"
EndProject
Project("{FAE04EC0-301F-11D3-BF4B-00C04F79EFBC}") = "Assembly-CSharp-Editor", "Assembly-CSharp-Editor.csproj", "{C2EF24A3-327A-CD10-8496-838CB629AD41}"
EndProject
Global
	GlobalSection(SolutionConfigurationPlatforms) = preSolution
		Debug|Any CPU = Debug|Any CPU
		Release|Any CPU = Release|Any CPU
	EndGlobalSection
	GlobalSection(ProjectConfigurationPlatforms) = postSolution
		{7DB90D06-AF1F-F6AF-A34D-C030EAECC80D}.Debug|Any CPU.ActiveCfg = Debug|Any CPU
		{7DB90D06-AF1F-F6AF-A34D-C030EAECC80D}.Debug|Any CPU.Build.0 = Debug|Any CPU
		{7DB90D06-AF1F-F6AF-A34D-C030EAECC80D}.Release|Any CPU.ActiveCfg = Release|Any CPU
		{7DB90D06-AF1F-F6AF-A34D-C030EAECC80D}.Release|Any CPU.Build.0 = Release|Any CPU
		{C2EF24A3-327A-CD10-8496-838CB629AD41}.Debug|Any CPU.ActiveCfg = Debug|Any CPU
		{C2EF24A3-327A-CD10-8496-838CB629AD41}.Debug|Any CPU.Build.0 = Debug|Any CPU
		{C2EF24A3-327A-CD10-8496-838CB629AD41}.Release|Any CPU.ActiveCfg = Release|Any CPU
		{C2EF24A3-327A-CD10-8496-838CB629AD41}.Release|Any CPU.Build.0 = Release|Any CPU
	EndGlobalSection
	GlobalSection(SolutionProperties) = preSolution
		HideSolutionNode = FALSE
	EndGlobalSection
EndGlobal
